
Microsoft Visual Studio Solution File, Format Version 12.00
# Visual Studio 15
VisualStudioVersion = 15.0.28307.106
MinimumVisualStudioVersion = 10.0.40219.1
Project("{FAE04EC0-301F-11D3-BF4B-00C04F79EFBC}") = "AppUnitTest", "AppUnitTest\AppUnitTest.csproj", "{8C970FFC-D9FE-4840-A1FE-FAC5CA3FDE4B}"
EndProject
Project("{FAE04EC0-301F-11D3-BF4B-00C04F79EFBC}") = "AppUnitTest.Tests", "AppUnitTest.Tests\AppUnitTest.Tests.csproj", "{5644C955-998C-4658-99DF-C433B5FBF1D6}"
EndProject
Global
	GlobalSection(SolutionConfigurationPlatforms) = preSolution
		Debug|Any CPU = Debug|Any CPU
		Release|Any CPU = Release|Any CPU
	EndGlobalSection
	GlobalSection(ProjectConfigurationPlatforms) = postSolution
		{8C970FFC-D9FE-4840-A1FE-FAC5CA3FDE4B}.Debug|Any CPU.ActiveCfg = Debug|Any CPU
		{8C970FFC-D9FE-4840-A1FE-FAC5CA3FDE4B}.Debug|Any CPU.Build.0 = Debug|Any CPU
		{8C970FFC-D9FE-4840-A1FE-FAC5CA3FDE4B}.Release|Any CPU.ActiveCfg = Release|Any CPU
		{8C970FFC-D9FE-4840-A1FE-FAC5CA3FDE4B}.Release|Any CPU.Build.0 = Release|Any CPU
		{5644C955-998C-4658-99DF-C433B5FBF1D6}.Debug|Any CPU.ActiveCfg = Debug|Any CPU
		{5644C955-998C-4658-99DF-C433B5FBF1D6}.Debug|Any CPU.Build.0 = Debug|Any CPU
		{5644C955-998C-4658-99DF-C433B5FBF1D6}.Release|Any CPU.ActiveCfg = Release|Any CPU
		{5644C955-998C-4658-99DF-C433B5FBF1D6}.Release|Any CPU.Build.0 = Release|Any CPU
	EndGlobalSection
	GlobalSection(SolutionProperties) = preSolution
		HideSolutionNode = FALSE
	EndGlobalSection
	GlobalSection(ExtensibilityGlobals) = postSolution
		SolutionGuid = {4BF1379C-D172-47E1-9A65-98309DD5B762}
	EndGlobalSection
EndGlobal
